{
    "version": 3,
    "terraform_version": "0.10.6",
    "serial": 8,
    "lineage": "5e3a5524-0b52-4c2e-bf50-15fb0707dee8",
    "modules": [
        {
            "path": [
                "root"
            ],
            "outputs": {
                "ami": {
                    "sensitive": false,
                    "type": "string",
                    "value": "ami-b374d5a5"
                },
                "ip": {
                    "sensitive": false,
                    "type": "string",
                    "value": "35.171.94.133"
                }
            },
            "resources": {
                "aws_eip.ip": {
                    "type": "aws_eip",
                    "depends_on": [
                        "aws_instance.ec2"
                    ],
                    "primary": {
                        "id": "eipalloc-02ae8934",
                        "attributes": {
                            "association_id": "eipassoc-b514026e",
                            "domain": "vpc",
                            "id": "eipalloc-02ae8934",
                            "instance": "i-0e6bca7cb5aef2a87",
                            "network_interface": "eni-f8163005",
                            "private_ip": "172.31.26.222",
                            "public_ip": "35.171.94.133",
                            "tags.%": "0",
                            "vpc": "true"
                        },
                        "meta": {},
                        "tainted": false
                    },
                    "deposed": [],
                    "provider": ""
                },
                "aws_instance.ec2": {
                    "type": "aws_instance",
                    "depends_on": [],
                    "primary": {
                        "id": "i-0e6bca7cb5aef2a87",
                        "attributes": {
                            "ami": "ami-b374d5a5",
                            "associate_public_ip_address": "true",
                            "availability_zone": "us-east-1d",
                            "disable_api_termination": "false",
                            "ebs_block_device.#": "0",
                            "ebs_optimized": "false",
                            "ephemeral_block_device.#": "0",
                            "iam_instance_profile": "",
                            "id": "i-0e6bca7cb5aef2a87",
                            "instance_state": "running",
                            "instance_type": "t2.micro",
                            "ipv6_addresses.#": "0",
                            "key_name": "",
                            "monitoring": "false",
                            "network_interface.#": "0",
                            "network_interface_id": "eni-f8163005",
                            "placement_group": "",
                            "primary_network_interface_id": "eni-f8163005",
                            "private_dns": "ip-172-31-26-222.ec2.internal",
                            "private_ip": "172.31.26.222",
                            "public_dns": "ec2-52-54-148-185.compute-1.amazonaws.com",
                            "public_ip": "52.54.148.185",
                            "root_block_device.#": "1",
                            "root_block_device.0.delete_on_termination": "true",
                            "root_block_device.0.iops": "100",
                            "root_block_device.0.volume_id": "vol-02a16b55b759fcc6b",
                            "root_block_device.0.volume_size": "8",
                            "root_block_device.0.volume_type": "gp2",
                            "security_groups.#": "1",
                            "security_groups.3814588639": "default",
                            "source_dest_check": "true",
                            "subnet_id": "subnet-279a666c",
                            "tags.%": "0",
                            "tenancy": "default",
                            "volume_tags.%": "0",
                            "vpc_security_group_ids.#": "1",
                            "vpc_security_group_ids.2552669921": "sg-b4069bc7"
                        },
                        "meta": {
                            "e2bfb730-ecaa-11e6-8f88-34363bc7c4c0": {
                                "create": 600000000000,
                                "delete": 600000000000,
                                "update": 600000000000
                            },
                            "schema_version": "1"
                        },
                        "tainted": false
                    },
                    "deposed": [],
                    "provider": ""
                }
            },
            "depends_on": []
        }
    ]
}
